
Microsoft Visual Studio Solution File, Format Version 12.00
# Visual Studio Version 17
VisualStudioVersion = 17.12.35506.116 d17.12
MinimumVisualStudioVersion = 10.0.40219.1
Project("{FAE04EC0-301F-11D3-BF4B-00C04F79EFBC}") = "cv con xamarin.Android", "cv con xamarin.Android\cv con xamarin.Android.csproj", "{0AA83483-2350-42FC-A7E0-C63523BC7330}"
EndProject
Project("{FAE04EC0-301F-11D3-BF4B-00C04F79EFBC}") = "cv con xamarin.iOS", "cv con xamarin.iOS\cv con xamarin.iOS.csproj", "{9495B9B0-9CCD-4180-AF79-3FDB0FEA51D5}"
EndProject
Project("{FAE04EC0-301F-11D3-BF4B-00C04F79EFBC}") = "cv con xamarin", "cv con xamarin\cv con xamarin.csproj", "{1C03BDF2-BF85-4963-8AE5-03DF36CB0133}"
EndProject
Global
	GlobalSection(SolutionConfigurationPlatforms) = preSolution
		Debug|Any CPU = Debug|Any CPU
		Release|Any CPU = Release|Any CPU
	EndGlobalSection
	GlobalSection(ProjectConfigurationPlatforms) = postSolution
		{0AA83483-2350-42FC-A7E0-C63523BC7330}.Debug|Any CPU.ActiveCfg = Debug|Any CPU
		{0AA83483-2350-42FC-A7E0-C63523BC7330}.Debug|Any CPU.Build.0 = Debug|Any CPU
		{0AA83483-2350-42FC-A7E0-C63523BC7330}.Debug|Any CPU.Deploy.0 = Debug|Any CPU
		{0AA83483-2350-42FC-A7E0-C63523BC7330}.Release|Any CPU.ActiveCfg = Release|Any CPU
		{0AA83483-2350-42FC-A7E0-C63523BC7330}.Release|Any CPU.Build.0 = Release|Any CPU
		{0AA83483-2350-42FC-A7E0-C63523BC7330}.Release|Any CPU.Deploy.0 = Release|Any CPU
		{9495B9B0-9CCD-4180-AF79-3FDB0FEA51D5}.Debug|Any CPU.ActiveCfg = Debug|iPhone
		{9495B9B0-9CCD-4180-AF79-3FDB0FEA51D5}.Debug|Any CPU.Build.0 = Debug|iPhone
		{9495B9B0-9CCD-4180-AF79-3FDB0FEA51D5}.Debug|Any CPU.Deploy.0 = Debug|iPhone
		{9495B9B0-9CCD-4180-AF79-3FDB0FEA51D5}.Release|Any CPU.ActiveCfg = Release|iPhoneSimulator
		{9495B9B0-9CCD-4180-AF79-3FDB0FEA51D5}.Release|Any CPU.Build.0 = Release|iPhoneSimulator
		{9495B9B0-9CCD-4180-AF79-3FDB0FEA51D5}.Release|Any CPU.Deploy.0 = Release|iPhoneSimulator
		{1C03BDF2-BF85-4963-8AE5-03DF36CB0133}.Debug|Any CPU.ActiveCfg = Debug|Any CPU
		{1C03BDF2-BF85-4963-8AE5-03DF36CB0133}.Debug|Any CPU.Build.0 = Debug|Any CPU
		{1C03BDF2-BF85-4963-8AE5-03DF36CB0133}.Debug|Any CPU.Deploy.0 = Debug|Any CPU
		{1C03BDF2-BF85-4963-8AE5-03DF36CB0133}.Release|Any CPU.ActiveCfg = Release|Any CPU
		{1C03BDF2-BF85-4963-8AE5-03DF36CB0133}.Release|Any CPU.Build.0 = Release|Any CPU
		{1C03BDF2-BF85-4963-8AE5-03DF36CB0133}.Release|Any CPU.Deploy.0 = Release|Any CPU
	EndGlobalSection
	GlobalSection(SolutionProperties) = preSolution
		HideSolutionNode = FALSE
	EndGlobalSection
EndGlobal
